// !$*UTF8*$!
{
	archiveVersion = 1;
	classes = {
	};
	objectVersion = 46;
	objects = {

/* Begin PBXBuildFile section */
		C6FEA9D01A07ED4A006033C1 /* AppDelegate.swift in Sources */ = {isa = PBXBuildFile; fileRef = C6FEA9CF1A07ED4A006033C1 /* AppDelegate.swift */; };
		C6FEA9D21A07ED4A006033C1 /* ViewController.swift in Sources */ = {isa = PBXBuildFile; fileRef = C6FEA9D11A07ED4A006033C1 /* ViewController.swift */; };
		C6FEA9D51A07ED4A006033C1 /* Main.storyboard in Resources */ = {isa = PBXBuildFile; fileRef = C6FEA9D31A07ED4A006033C1 /* Main.storyboard */; };
		C6FEA9D71A07ED4A006033C1 /* Images.xcassets in Resources */ = {isa = PBXBuildFile; fileRef = C6FEA9D61A07ED4A006033C1 /* Images.xcassets */; };
		C6FEA9DA1A07ED4A006033C1 /* LaunchScreen.xib in Resources */ = {isa = PBXBuildFile; fileRef = C6FEA9D81A07ED4A006033C1 /* LaunchScreen.xib */; };
		C6FEA9E61A07ED4A006033C1 /* PostcardTests.swift in Sources */ = {isa = PBXBuildFile; fileRef = C6FEA9E51A07ED4A006033C1 /* PostcardTests.swift */; };
		C6FEA9F01A07F586006033C1 /* SagradaFamilia.jpeg in Resources */ = {isa = PBXBuildFile; fileRef = C6FEA9EF1A07F586006033C1 /* SagradaFamilia.jpeg */; };
		C6FEA9F21A081950006033C1 /* AlbertEinsteinStamp.jpg in Resources */ = {isa = PBXBuildFile; fileRef = C6FEA9F11A081950006033C1 /* AlbertEinsteinStamp.jpg */; };
		C6FEA9F41A0869A9006033C1 /* IMG_0393.JPG in Resources */ = {isa = PBXBuildFile; fileRef = C6FEA9F31A0869A9006033C1 /* IMG_0393.JPG */; };
/* End PBXBuildFile section */

/* Begin PBXContainerItemProxy section */
		C6FEA9E01A07ED4A006033C1 /* PBXContainerItemProxy */ = {
			isa = PBXContainerItemProxy;
			containerPortal = C6FEA9C21A07ED4A006033C1 /* Project object */;
			proxyType = 1;
			remoteGlobalIDString = C6FEA9C91A07ED4A006033C1;
			remoteInfo = Postcard;
		};
/* End PBXContainerItemProxy section */

/* Begin PBXFileReference section */
		C6FEA9CA1A07ED4A006033C1 /* Postcard.app */ = {isa = PBXFileReference; explicitFileType = wrapper.application; includeInIndex = 0; path = Postcard.app; sourceTree = BUILT_PRODUCTS_DIR; };
		C6FEA9CE1A07ED4A006033C1 /* Info.plist */ = {isa = PBXFileReference; lastKnownFileType = text.plist.xml; path = Info.plist; sourceTree = "<group>"; };
		C6FEA9CF1A07ED4A006033C1 /* AppDelegate.swift */ = {isa = PBXFileReference; lastKnownFileType = sourcecode.swift; path = AppDelegate.swift; sourceTree = "<group>"; };
		C6FEA9D11A07ED4A006033C1 /* ViewController.swift */ = {isa = PBXFileReference; lastKnownFileType = sourcecode.swift; path = ViewController.swift; sourceTree = "<group>"; };
		C6FEA9D41A07ED4A006033C1 /* Base */ = {isa = PBXFileReference; lastKnownFileType = file.storyboard; name = Base; path = Base.lproj/Main.storyboard; sourceTree = "<group>"; };
		C6FEA9D61A07ED4A006033C1 /* Images.xcassets */ = {isa = PBXFileReference; lastKnownFileType = folder.assetcatalog; path = Images.xcassets; sourceTree = "<group>"; };
		C6FEA9D91A07ED4A006033C1 /* Base */ = {isa = PBXFileReference; lastKnownFileType = file.xib; name = Base; path = Base.lproj/LaunchScreen.xib; sourceTree = "<group>"; };
		C6FEA9DF1A07ED4A006033C1 /* PostcardTests.xctest */ = {isa = PBXFileReference; explicitFileType = wrapper.cfbundle; includeInIndex = 0; path = PostcardTests.xctest; sourceTree = BUILT_PRODUCTS_DIR; };
		C6FEA9E41A07ED4A006033C1 /* Info.plist */ = {isa = PBXFileReference; lastKnownFileType = text.plist.xml; path = Info.plist; sourceTree = "<group>"; };
		C6FEA9E51A07ED4A006033C1 /* PostcardTests.swift */ = {isa = PBXFileReference; lastKnownFileType = sourcecode.swift; path = PostcardTests.swift; sourceTree = "<group>"; };
		C6FEA9EF1A07F586006033C1 /* SagradaFamilia.jpeg */ = {isa = PBXFileReference; lastKnownFileType = image.jpeg; path = SagradaFamilia.jpeg; sourceTree = "<group>"; };
		C6FEA9F11A081950006033C1 /* AlbertEinsteinStamp.jpg */ = {isa = PBXFileReference; lastKnownFileType = image.jpeg; path = AlbertEinsteinStamp.jpg; sourceTree = "<group>"; };
		C6FEA9F31A0869A9006033C1 /* IMG_0393.JPG */ = {isa = PBXFileReference; lastKnownFileType = image.jpeg; path = IMG_0393.JPG; sourceTree = "<group>"; };
/* End PBXFileReference section */

/* Begin PBXFrameworksBuildPhase section */
		C6FEA9C71A07ED4A006033C1 /* Frameworks */ = {
			isa = PBXFrameworksBuildPhase;
			buildActionMask = 2147483647;
			files = (
			);
			runOnlyForDeploymentPostprocessing = 0;
		};
		C6FEA9DC1A07ED4A006033C1 /* Frameworks */ = {
			isa = PBXFrameworksBuildPhase;
			buildActionMask = 2147483647;
			files = (
			);
			runOnlyForDeploymentPostprocessing = 0;
		};
/* End PBXFrameworksBuildPhase section */

/* Begin PBXGroup section */
		C6FEA9C11A07ED4A006033C1 = {
			isa = PBXGroup;
			children = (
				C6FEA9CC1A07ED4A006033C1 /* Postcard */,
				C6FEA9E21A07ED4A006033C1 /* PostcardTests */,
				C6FEA9CB1A07ED4A006033C1 /* Products */,
			);
			sourceTree = "<group>";
		};
		C6FEA9CB1A07ED4A006033C1 /* Products */ = {
			isa = PBXGroup;
			children = (
				C6FEA9CA1A07ED4A006033C1 /* Postcard.app */,
				C6FEA9DF1A07ED4A006033C1 /* PostcardTests.xctest */,
			);
			name = Products;
			sourceTree = "<group>";
		};
		C6FEA9CC1A07ED4A006033C1 /* Postcard */ = {
			isa = PBXGroup;
			children = (
				C6FEA9CF1A07ED4A006033C1 /* AppDelegate.swift */,
				C6FEA9D11A07ED4A006033C1 /* ViewController.swift */,
				C6FEA9D31A07ED4A006033C1 /* Main.storyboard */,
				C6FEA9D61A07ED4A006033C1 /* Images.xcassets */,
				C6FEA9D81A07ED4A006033C1 /* LaunchScreen.xib */,
				C6FEA9CD1A07ED4A006033C1 /* Supporting Files */,
			);
			path = Postcard;
			sourceTree = "<group>";
		};
		C6FEA9CD1A07ED4A006033C1 /* Supporting Files */ = {
			isa = PBXGroup;
			children = (
				C6FEA9F31A0869A9006033C1 /* IMG_0393.JPG */,
				C6FEA9F11A081950006033C1 /* AlbertEinsteinStamp.jpg */,
				C6FEA9EF1A07F586006033C1 /* SagradaFamilia.jpeg */,
				C6FEA9CE1A07ED4A006033C1 /* Info.plist */,
			);
			name = "Supporting Files";
			sourceTree = "<group>";
		};
		C6FEA9E21A07ED4A006033C1 /* PostcardTests */ = {
			isa = PBXGroup;
			children = (
				C6FEA9E51A07ED4A006033C1 /* PostcardTests.swift */,
				C6FEA9E31A07ED4A006033C1 /* Supporting Files */,
			);
			path = PostcardTests;
			sourceTree = "<group>";
		};
		C6FEA9E31A07ED4A006033C1 /* Supporting Files */ = {
			isa = PBXGroup;
			children = (
				C6FEA9E41A07ED4A006033C1 /* Info.plist */,
			);
			name = "Supporting Files";
			sourceTree = "<group>";
		};
/* End PBXGroup section */

/* Begin PBXNativeTarget section */
		C6FEA9C91A07ED4A006033C1 /* Postcard */ = {
			isa = PBXNativeTarget;
			buildConfigurationList = C6FEA9E91A07ED4A006033C1 /* Build configuration list for PBXNativeTarget "Postcard" */;
			buildPhases = (
				C6FEA9C61A07ED4A006033C1 /* Sources */,
				C6FEA9C71A07ED4A006033C1 /* Frameworks */,
				C6FEA9C81A07ED4A006033C1 /* Resources */,
			);
			buildRules = (
			);
			dependencies = (
			);
			name = Postcard;
			productName = Postcard;
			productReference = C6FEA9CA1A07ED4A006033C1 /* Postcard.app */;
			productType = "com.apple.product-type.application";
		};
		C6FEA9DE1A07ED4A006033C1 /* PostcardTests */ = {
			isa = PBXNativeTarget;
			buildConfigurationList = C6FEA9EC1A07ED4A006033C1 /* Build configuration list for PBXNativeTarget "PostcardTests" */;
			buildPhases = (
				C6FEA9DB1A07ED4A006033C1 /* Sources */,
				C6FEA9DC1A07ED4A006033C1 /* Frameworks */,
				C6FEA9DD1A07ED4A006033C1 /* Resources */,
			);
			buildRules = (
			);
			dependencies = (
				C6FEA9E11A07ED4A006033C1 /* PBXTargetDependency */,
			);
			name = PostcardTests;
			productName = PostcardTests;
			productReference = C6FEA9DF1A07ED4A006033C1 /* PostcardTests.xctest */;
			productType = "com.apple.product-type.bundle.unit-test";
		};
/* End PBXNativeTarget section */

/* Begin PBXProject section */
		C6FEA9C21A07ED4A006033C1 /* Project object */ = {
			isa = PBXProject;
			attributes = {
				LastUpgradeCheck = 0610;
				ORGANIZATIONNAME = "Isaac Bonilla";
				TargetAttributes = {
					C6FEA9C91A07ED4A006033C1 = {
						CreatedOnToolsVersion = 6.1;
						DevelopmentTeam = 6V26WK3B65;
					};
					C6FEA9DE1A07ED4A006033C1 = {
						CreatedOnToolsVersion = 6.1;
						DevelopmentTeam = 6V26WK3B65;
						TestTargetID = C6FEA9C91A07ED4A006033C1;
					};
				};
			};
			buildConfigurationList = C6FEA9C51A07ED4A006033C1 /* Build configuration list for PBXProject "Postcard" */;
			compatibilityVersion = "Xcode 3.2";
			developmentRegion = English;
			hasScannedForEncodings = 0;
			knownRegions = (
				en,
				Base,
			);
			mainGroup = C6FEA9C11A07ED4A006033C1;
			productRefGroup = C6FEA9CB1A07ED4A006033C1 /* Products */;
			projectDirPath = "";
			projectRoot = "";
			targets = (
				C6FEA9C91A07ED4A006033C1 /* Postcard */,
				C6FEA9DE1A07ED4A006033C1 /* PostcardTests */,
			);
		};
/* End PBXProject section */

/* Begin PBXResourcesBuildPhase section */
		C6FEA9C81A07ED4A006033C1 /* Resources */ = {
			isa = PBXResourcesBuildPhase;
			buildActionMask = 2147483647;
			files = (
				C6FEA9F41A0869A9006033C1 /* IMG_0393.JPG in Resources */,
				C6FEA9D51A07ED4A006033C1 /* Main.storyboard in Resources */,
				C6FEA9F01A07F586006033C1 /* SagradaFamilia.jpeg in Resources */,
				C6FEA9F21A081950006033C1 /* AlbertEinsteinStamp.jpg in Resources */,
				C6FEA9DA1A07ED4A006033C1 /* LaunchScreen.xib in Resources */,
				C6FEA9D71A07ED4A006033C1 /* Images.xcassets in Resources */,
			);
			runOnlyForDeploymentPostprocessing = 0;
		};
		C6FEA9DD1A07ED4A006033C1 /* Resources */ = {
			isa = PBXResourcesBuildPhase;
			buildActionMask = 2147483647;
			files = (
			);
			runOnlyForDeploymentPostprocessing = 0;
		};
/* End PBXResourcesBuildPhase section */

/* Begin PBXSourcesBuildPhase section */
		C6FEA9C61A07ED4A006033C1 /* Sources */ = {
			isa = PBXSourcesBuildPhase;
			buildActionMask = 2147483647;
			files = (
				C6FEA9D21A07ED4A006033C1 /* ViewController.swift in Sources */,
				C6FEA9D01A07ED4A006033C1 /* AppDelegate.swift in Sources */,
			);
			runOnlyForDeploymentPostprocessing = 0;
		};
		C6FEA9DB1A07ED4A006033C1 /* Sources */ = {
			isa = PBXSourcesBuildPhase;
			buildActionMask = 2147483647;
			files = (
				C6FEA9E61A07ED4A006033C1 /* PostcardTests.swift in Sources */,
			);
			runOnlyForDeploymentPostprocessing = 0;
		};
/* End PBXSourcesBuildPhase section */

/* Begin PBXTargetDependency section */
		C6FEA9E11A07ED4A006033C1 /* PBXTargetDependency */ = {
			isa = PBXTargetDependency;
			target = C6FEA9C91A07ED4A006033C1 /* Postcard */;
			targetProxy = C6FEA9E01A07ED4A006033C1 /* PBXContainerItemProxy */;
		};
/* End PBXTargetDependency section */

/* Begin PBXVariantGroup section */
		C6FEA9D31A07ED4A006033C1 /* Main.storyboard */ = {
			isa = PBXVariantGroup;
			children = (
				C6FEA9D41A07ED4A006033C1 /* Base */,
			);
			name = Main.storyboard;
			sourceTree = "<group>";
		};
		C6FEA9D81A07ED4A006033C1 /* LaunchScreen.xib */ = {
			isa = PBXVariantGroup;
			children = (
				C6FEA9D91A07ED4A006033C1 /* Base */,
			);
			name = LaunchScreen.xib;
			sourceTree = "<group>";
		};
/* End PBXVariantGroup section */

/* Begin XCBuildConfiguration section */
		C6FEA9E71A07ED4A006033C1 /* Debug */ = {
			isa = XCBuildConfiguration;
			buildSettings = {
				ALWAYS_SEARCH_USER_PATHS = NO;
				CLANG_CXX_LANGUAGE_STANDARD = "gnu++0x";
				CLANG_CXX_LIBRARY = "libc++";
				CLANG_ENABLE_MODULES = YES;
				CLANG_ENABLE_OBJC_ARC = YES;
				CLANG_WARN_BOOL_CONVERSION = YES;
				CLANG_WARN_CONSTANT_CONVERSION = YES;
				CLANG_WARN_DIRECT_OBJC_ISA_USAGE = YES_ERROR;
				CLANG_WARN_EMPTY_BODY = YES;
				CLANG_WARN_ENUM_CONVERSION = YES;
				CLANG_WARN_INT_CONVERSION = YES;
				CLANG_WARN_OBJC_ROOT_CLASS = YES_ERROR;
				CLANG_WARN_UNREACHABLE_CODE = YES;
				CLANG_WARN__DUPLICATE_METHOD_MATCH = YES;
				"CODE_SIGN_IDENTITY[sdk=iphoneos*]" = "iPhone Developer";
				COPY_PHASE_STRIP = NO;
				ENABLE_STRICT_OBJC_MSGSEND = YES;
				GCC_C_LANGUAGE_STANDARD = gnu99;
				GCC_DYNAMIC_NO_PIC = NO;
				GCC_OPTIMIZATION_LEVEL = 0;
				GCC_PREPROCESSOR_DEFINITIONS = (
					"DEBUG=1",
					"$(inherited)",
				);
				GCC_SYMBOLS_PRIVATE_EXTERN = NO;
				GCC_WARN_64_TO_32_BIT_CONVERSION = YES;
				GCC_WARN_ABOUT_RETURN_TYPE = YES_ERROR;
				GCC_WARN_UNDECLARED_SELECTOR = YES;
				GCC_WARN_UNINITIALIZED_AUTOS = YES_AGGRESSIVE;
				GCC_WARN_UNUSED_FUNCTION = YES;
				GCC_WARN_UNUSED_VARIABLE = YES;
				IPHONEOS_DEPLOYMENT_TARGET = 8.1;
				MTL_ENABLE_DEBUG_INFO = YES;
				ONLY_ACTIVE_ARCH = YES;
				SDKROOT = iphoneos;
				SWIFT_OPTIMIZATION_LEVEL = "-Onone";
				TARGETED_DEVICE_FAMILY = "1,2";
			};
			name = Debug;
		};
		C6FEA9E81A07ED4A006033C1 /* Release */ = {
			isa = XCBuildConfiguration;
			buildSettings = {
				ALWAYS_SEARCH_USER_PATHS = NO;
				CLANG_CXX_LANGUAGE_STANDARD = "gnu++0x";
				CLANG_CXX_LIBRARY = "libc++";
				CLANG_ENABLE_MODULES = YES;
				CLANG_ENABLE_OBJC_ARC = YES;
				CLANG_WARN_BOOL_CONVERSION = YES;
				CLANG_WARN_CONSTANT_CONVERSION = YES;
				CLANG_WARN_DIRECT_OBJC_ISA_USAGE = YES_ERROR;
				CLANG_WARN_EMPTY_BODY = YES;
				CLANG_WARN_ENUM_CONVERSION = YES;
				CLANG_WARN_INT_CONVERSION = YES;
				CLANG_WARN_OBJC_ROOT_CLASS = YES_ERROR;
				CLANG_WARN_UNREACHABLE_CODE = YES;
				CLANG_WARN__DUPLICATE_METHOD_MATCH = YES;
				"CODE_SIGN_IDENTITY[sdk=iphoneos*]" = "iPhone Developer";
				COPY_PHASE_STRIP = YES;
				ENABLE_NS_ASSERTIONS = NO;
				ENABLE_STRICT_OBJC_MSGSEND = YES;
				GCC_C_LANGUAGE_STANDARD = gnu99;
				GCC_WARN_64_TO_32_BIT_CONVERSION = YES;
				GCC_WARN_ABOUT_RETURN_TYPE = YES_ERROR;
				GCC_WARN_UNDECLARED_SELECTOR = YES;
				GCC_WARN_UNINITIALIZED_AUTOS = YES_AGGRESSIVE;
				GCC_WARN_UNUSED_FUNCTION = YES;
				GCC_WARN_UNUSED_VARIABLE = YES;
				IPHONEOS_DEPLOYMENT_TARGET = 8.1;
				MTL_ENABLE_DEBUG_INFO = NO;
				SDKROOT = iphoneos;
				TARGETED_DEVICE_FAMILY = "1,2";
				VALIDATE_PRODUCT = YES;
			};
			name = Release;
		};
		C6FEA9EA1A07ED4A006033C1 /* Debug */ = {
			isa = XCBuildConfiguration;
			buildSettings = {
				ASSETCATALOG_COMPILER_APPICON_NAME = AppIcon;
				INFOPLIST_FILE = Postcard/Info.plist;
				LD_RUNPATH_SEARCH_PATHS = "$(inherited) @executable_path/Frameworks";
				PRODUCT_NAME = "$(TARGET_NAME)";
			};
			name = Debug;
		};
		C6FEA9EB1A07ED4A006033C1 /* Release */ = {
			isa = XCBuildConfiguration;
			buildSettings = {
				ASSETCATALOG_COMPILER_APPICON_NAME = AppIcon;
				INFOPLIST_FILE = Postcard/Info.plist;
				LD_RUNPATH_SEARCH_PATHS = "$(inherited) @executable_path/Frameworks";
				PRODUCT_NAME = "$(TARGET_NAME)";
			};
			name = Release;
		};
		C6FEA9ED1A07ED4A006033C1 /* Debug */ = {
			isa = XCBuildConfiguration;
			buildSettings = {
				BUNDLE_LOADER = "$(TEST_HOST)";
				CODE_SIGN_IDENTITY = "iPhone Developer";
				"CODE_SIGN_IDENTITY[sdk=iphoneos*]" = "iPhone Developer";
				FRAMEWORK_SEARCH_PATHS = (
					"$(SDKROOT)/Developer/Library/Frameworks",
					"$(inherited)",
				);
				GCC_PREPROCESSOR_DEFINITIONS = (
					"DEBUG=1",
					"$(inherited)",
				);
				INFOPLIST_FILE = PostcardTests/Info.plist;
				LD_RUNPATH_SEARCH_PATHS = "$(inherited) @executable_path/Frameworks @loader_path/Frameworks";
				PRODUCT_NAME = "$(TARGET_NAME)";
				PROVISIONING_PROFILE = "";
				TEST_HOST = "$(BUILT_PRODUCTS_DIR)/Postcard.app/Postcard";
			};
			name = Debug;
		};
		C6FEA9EE1A07ED4A006033C1 /* Release */ = {
			isa = XCBuildConfiguration;
			buildSettings = {
				BUNDLE_LOADER = "$(TEST_HOST)";
				CODE_SIGN_IDENTITY = "iPhone Developer";
				"CODE_SIGN_IDENTITY[sdk=iphoneos*]" = "iPhone Developer";
				FRAMEWORK_SEARCH_PATHS = (
					"$(SDKROOT)/Developer/Library/Frameworks",
					"$(inherited)",
				);
				INFOPLIST_FILE = PostcardTests/Info.plist;
				LD_RUNPATH_SEARCH_PATHS = "$(inherited) @executable_path/Frameworks @loader_path/Frameworks";
				PRODUCT_NAME = "$(TARGET_NAME)";
				PROVISIONING_PROFILE = "";
				TEST_HOST = "$(BUILT_PRODUCTS_DIR)/Postcard.app/Postcard";
			};
			name = Release;
		};
/* End XCBuildConfiguration section */

/* Begin XCConfigurationList section */
		C6FEA9C51A07ED4A006033C1 /* Build configuration list for PBXProject "Postcard" */ = {
			isa = XCConfigurationList;
			buildConfigurations = (
				C6FEA9E71A07ED4A006033C1 /* Debug */,
				C6FEA9E81A07ED4A006033C1 /* Release */,
			);
			defaultConfigurationIsVisible = 0;
			defaultConfigurationName = Release;
		};
		C6FEA9E91A07ED4A006033C1 /* Build configuration list for PBXNativeTarget "Postcard" */ = {
			isa = XCConfigurationList;
			buildConfigurations = (
				C6FEA9EA1A07ED4A006033C1 /* Debug */,
				C6FEA9EB1A07ED4A006033C1 /* Release */,
			);
			defaultConfigurationIsVisible = 0;
		};
		C6FEA9EC1A07ED4A006033C1 /* Build configuration list for PBXNativeTarget "PostcardTests" */ = {
			isa = XCConfigurationList;
			buildConfigurations = (
				C6FEA9ED1A07ED4A006033C1 /* Debug */,
				C6FEA9EE1A07ED4A006033C1 /* Release */,
			);
			defaultConfigurationIsVisible = 0;
		};
/* End XCConfigurationList section */
	};
	rootObject = C6FEA9C21A07ED4A006033C1 /* Project object */;
}
